
Microsoft Visual Studio Solution File, Format Version 10.00
# Visual Studio 2008
Project("{FAE04EC0-301F-11D3-BF4B-00C04F79EFBC}") = "GameComponents", "GameComponents\GameComponents.csproj", "{E7AEEB7C-CE8A-4227-986B-FD3657076247}"
EndProject
Project("{FAE04EC0-301F-11D3-BF4B-00C04F79EFBC}") = "Tanks", "Tanks\Tanks.csproj", "{D4FA8226-1629-43A2-9280-4F26A53B0F88}"
EndProject
Project("{FAE04EC0-301F-11D3-BF4B-00C04F79EFBC}") = "Physics", "Physics\Physics.csproj", "{F195B1D9-335D-493A-B74C-C7AA42E37A68}"
EndProject
Project("{FAE04EC0-301F-11D3-BF4B-00C04F79EFBC}") = "ContentPipelineExtension", "ContentPipelineExtension\ContentPipelineExtension.csproj", "{85CEBE8C-817E-47D1-A58C-33992EBACB3F}"
EndProject
Project("{FAE04EC0-301F-11D3-BF4B-00C04F79EFBC}") = "Common", "Common\Common.csproj", "{2645CF09-370C-4539-8214-308F1C5A388E}"
EndProject
Project("{FAE04EC0-301F-11D3-BF4B-00C04F79EFBC}") = "DrawingComponents", "DrawingComponents\DrawingComponents.csproj", "{EA4756DC-FFCD-4F33-8CBF-F7C74F07C4DE}"
EndProject
Project("{FAE04EC0-301F-11D3-BF4B-00C04F79EFBC}") = "TanksDebug", "TanksDebug\TanksDebug.csproj", "{A8370A2D-3046-41E2-8B23-9E8865349E89}"
EndProject
Project("{FAE04EC0-301F-11D3-BF4B-00C04F79EFBC}") = "Vehicles", "Vehicles\Vehicles.csproj", "{E260AE3C-DA41-456D-8B3D-A8CD088BD0C1}"
EndProject
Global
	GlobalSection(TeamFoundationVersionControl) = preSolution
		SccNumberOfProjects = 14
		SccEnterpriseProvider = {4CA58AB2-18FA-4F8D-95D4-32DDF27D184C}
		SccTeamFoundationServer = https://tfs02.codeplex.com/
		SccLocalPath0 = .
		SccProjectUniqueName1 = Tanks\\Tanks.csproj
		SccProjectName1 = Tanks
		SccLocalPath1 = Tanks
		SccProjectUniqueName2 = Tanks\\Content.contentproj
		SccProjectTopLevelParentUniqueName2 = Tanks\\Tanks.csproj
		SccProjectName2 = Tanks
		SccLocalPath2 = Tanks
		SccProjectUniqueName3 = GameComponents\\GameComponents.csproj
		SccProjectName3 = GameComponents
		SccLocalPath3 = GameComponents
		SccProjectUniqueName4 = GameComponents\\Content.contentproj
		SccProjectTopLevelParentUniqueName4 = GameComponents\\GameComponents.csproj
		SccProjectName4 = GameComponents
		SccLocalPath4 = GameComponents
		SccProjectUniqueName5 = ContentPipelineExtension\\ContentPipelineExtension.csproj
		SccProjectName5 = ContentPipelineExtension
		SccLocalPath5 = ContentPipelineExtension
		SccProjectUniqueName6 = Common\\Common.csproj
		SccProjectName6 = Common
		SccLocalPath6 = Common
		SccProjectUniqueName7 = Physics\\Physics.csproj
		SccProjectName7 = Physics
		SccLocalPath7 = Physics
		SccProjectUniqueName8 = DrawingComponents\\DrawingComponents.csproj
		SccProjectName8 = DrawingComponents
		SccLocalPath8 = DrawingComponents
		SccProjectUniqueName9 = DrawingComponents\\Content\\Content.contentproj
		SccProjectTopLevelParentUniqueName9 = DrawingComponents\\DrawingComponents.csproj
		SccProjectName9 = DrawingComponents/Content
		SccLocalPath9 = DrawingComponents\\Content
		SccProjectUniqueName10 = TanksDebug\\TanksDebug.csproj
		SccProjectName10 = TanksDebug
		SccLocalPath10 = TanksDebug
		SccProjectUniqueName11 = TanksDebug\\Content\\Content.contentproj
		SccProjectTopLevelParentUniqueName11 = TanksDebug\\TanksDebug.csproj
		SccProjectName11 = TanksDebug/Content
		SccLocalPath11 = TanksDebug\\Content
		SccProjectUniqueName12 = Vehicles\\Vehicles.csproj
		SccProjectName12 = Vehicles
		SccLocalPath12 = Vehicles
		SccProjectUniqueName13 = Vehicles\\Content\\Content.contentproj
		SccProjectTopLevelParentUniqueName13 = Vehicles\\Vehicles.csproj
		SccProjectName13 = Vehicles/Content
		SccLocalPath13 = Vehicles\\Content
	EndGlobalSection
	GlobalSection(SolutionConfigurationPlatforms) = preSolution
		Debug|x86 = Debug|x86
		Debug|Xbox 360 = Debug|Xbox 360
		Debug|Zune = Debug|Zune
		Release|x86 = Release|x86
		Release|Xbox 360 = Release|Xbox 360
		Release|Zune = Release|Zune
	EndGlobalSection
	GlobalSection(ProjectConfigurationPlatforms) = postSolution
		{E7AEEB7C-CE8A-4227-986B-FD3657076247}.Debug|x86.ActiveCfg = Debug|x86
		{E7AEEB7C-CE8A-4227-986B-FD3657076247}.Debug|x86.Build.0 = Debug|x86
		{E7AEEB7C-CE8A-4227-986B-FD3657076247}.Debug|Xbox 360.ActiveCfg = Debug|x86
		{E7AEEB7C-CE8A-4227-986B-FD3657076247}.Debug|Zune.ActiveCfg = Debug|x86
		{E7AEEB7C-CE8A-4227-986B-FD3657076247}.Release|x86.ActiveCfg = Release|x86
		{E7AEEB7C-CE8A-4227-986B-FD3657076247}.Release|x86.Build.0 = Release|x86
		{E7AEEB7C-CE8A-4227-986B-FD3657076247}.Release|Xbox 360.ActiveCfg = Release|x86
		{E7AEEB7C-CE8A-4227-986B-FD3657076247}.Release|Zune.ActiveCfg = Release|x86
		{D4FA8226-1629-43A2-9280-4F26A53B0F88}.Debug|x86.ActiveCfg = Debug|x86
		{D4FA8226-1629-43A2-9280-4F26A53B0F88}.Debug|x86.Build.0 = Debug|x86
		{D4FA8226-1629-43A2-9280-4F26A53B0F88}.Debug|Xbox 360.ActiveCfg = Debug|x86
		{D4FA8226-1629-43A2-9280-4F26A53B0F88}.Debug|Zune.ActiveCfg = Debug|x86
		{D4FA8226-1629-43A2-9280-4F26A53B0F88}.Release|x86.ActiveCfg = Release|x86
		{D4FA8226-1629-43A2-9280-4F26A53B0F88}.Release|x86.Build.0 = Release|x86
		{D4FA8226-1629-43A2-9280-4F26A53B0F88}.Release|Xbox 360.ActiveCfg = Release|x86
		{D4FA8226-1629-43A2-9280-4F26A53B0F88}.Release|Zune.ActiveCfg = Release|x86
		{F195B1D9-335D-493A-B74C-C7AA42E37A68}.Debug|x86.ActiveCfg = Debug|x86
		{F195B1D9-335D-493A-B74C-C7AA42E37A68}.Debug|x86.Build.0 = Debug|x86
		{F195B1D9-335D-493A-B74C-C7AA42E37A68}.Debug|Xbox 360.ActiveCfg = Debug|x86
		{F195B1D9-335D-493A-B74C-C7AA42E37A68}.Debug|Zune.ActiveCfg = Debug|x86
		{F195B1D9-335D-493A-B74C-C7AA42E37A68}.Release|x86.ActiveCfg = Release|x86
		{F195B1D9-335D-493A-B74C-C7AA42E37A68}.Release|x86.Build.0 = Release|x86
		{F195B1D9-335D-493A-B74C-C7AA42E37A68}.Release|Xbox 360.ActiveCfg = Release|x86
		{F195B1D9-335D-493A-B74C-C7AA42E37A68}.Release|Zune.ActiveCfg = Release|x86
		{85CEBE8C-817E-47D1-A58C-33992EBACB3F}.Debug|x86.ActiveCfg = Debug|x86
		{85CEBE8C-817E-47D1-A58C-33992EBACB3F}.Debug|x86.Build.0 = Debug|x86
		{85CEBE8C-817E-47D1-A58C-33992EBACB3F}.Debug|Xbox 360.ActiveCfg = Debug|Xbox 360
		{85CEBE8C-817E-47D1-A58C-33992EBACB3F}.Debug|Xbox 360.Build.0 = Debug|Xbox 360
		{85CEBE8C-817E-47D1-A58C-33992EBACB3F}.Debug|Zune.ActiveCfg = Debug|Zune
		{85CEBE8C-817E-47D1-A58C-33992EBACB3F}.Debug|Zune.Build.0 = Debug|Zune
		{85CEBE8C-817E-47D1-A58C-33992EBACB3F}.Release|x86.ActiveCfg = Release|x86
		{85CEBE8C-817E-47D1-A58C-33992EBACB3F}.Release|x86.Build.0 = Release|x86
		{85CEBE8C-817E-47D1-A58C-33992EBACB3F}.Release|Xbox 360.ActiveCfg = Release|Xbox 360
		{85CEBE8C-817E-47D1-A58C-33992EBACB3F}.Release|Xbox 360.Build.0 = Release|Xbox 360
		{85CEBE8C-817E-47D1-A58C-33992EBACB3F}.Release|Zune.ActiveCfg = Release|Zune
		{85CEBE8C-817E-47D1-A58C-33992EBACB3F}.Release|Zune.Build.0 = Release|Zune
		{2645CF09-370C-4539-8214-308F1C5A388E}.Debug|x86.ActiveCfg = Debug|x86
		{2645CF09-370C-4539-8214-308F1C5A388E}.Debug|x86.Build.0 = Debug|x86
		{2645CF09-370C-4539-8214-308F1C5A388E}.Debug|Xbox 360.ActiveCfg = Debug|x86
		{2645CF09-370C-4539-8214-308F1C5A388E}.Debug|Zune.ActiveCfg = Debug|x86
		{2645CF09-370C-4539-8214-308F1C5A388E}.Release|x86.ActiveCfg = Release|x86
		{2645CF09-370C-4539-8214-308F1C5A388E}.Release|x86.Build.0 = Release|x86
		{2645CF09-370C-4539-8214-308F1C5A388E}.Release|Xbox 360.ActiveCfg = Release|x86
		{2645CF09-370C-4539-8214-308F1C5A388E}.Release|Zune.ActiveCfg = Release|x86
		{EA4756DC-FFCD-4F33-8CBF-F7C74F07C4DE}.Debug|x86.ActiveCfg = Debug|x86
		{EA4756DC-FFCD-4F33-8CBF-F7C74F07C4DE}.Debug|x86.Build.0 = Debug|x86
		{EA4756DC-FFCD-4F33-8CBF-F7C74F07C4DE}.Debug|Xbox 360.ActiveCfg = Debug|x86
		{EA4756DC-FFCD-4F33-8CBF-F7C74F07C4DE}.Debug|Zune.ActiveCfg = Debug|x86
		{EA4756DC-FFCD-4F33-8CBF-F7C74F07C4DE}.Release|x86.ActiveCfg = Release|x86
		{EA4756DC-FFCD-4F33-8CBF-F7C74F07C4DE}.Release|x86.Build.0 = Release|x86
		{EA4756DC-FFCD-4F33-8CBF-F7C74F07C4DE}.Release|Xbox 360.ActiveCfg = Release|x86
		{EA4756DC-FFCD-4F33-8CBF-F7C74F07C4DE}.Release|Zune.ActiveCfg = Release|x86
		{A8370A2D-3046-41E2-8B23-9E8865349E89}.Debug|x86.ActiveCfg = Debug|x86
		{A8370A2D-3046-41E2-8B23-9E8865349E89}.Debug|x86.Build.0 = Debug|x86
		{A8370A2D-3046-41E2-8B23-9E8865349E89}.Debug|Xbox 360.ActiveCfg = Debug|x86
		{A8370A2D-3046-41E2-8B23-9E8865349E89}.Debug|Zune.ActiveCfg = Debug|x86
		{A8370A2D-3046-41E2-8B23-9E8865349E89}.Release|x86.ActiveCfg = Release|x86
		{A8370A2D-3046-41E2-8B23-9E8865349E89}.Release|x86.Build.0 = Release|x86
		{A8370A2D-3046-41E2-8B23-9E8865349E89}.Release|Xbox 360.ActiveCfg = Release|x86
		{A8370A2D-3046-41E2-8B23-9E8865349E89}.Release|Zune.ActiveCfg = Release|x86
		{F4CC90C6-4225-495D-8C8A-D689BD637A62}.Debug|x86.ActiveCfg = Debug|x86
		{F4CC90C6-4225-495D-8C8A-D689BD637A62}.Debug|Xbox 360.ActiveCfg = Debug|Xbox 360
		{F4CC90C6-4225-495D-8C8A-D689BD637A62}.Debug|Zune.ActiveCfg = Debug|Xbox 360
		{F4CC90C6-4225-495D-8C8A-D689BD637A62}.Release|x86.ActiveCfg = Release|x86
		{F4CC90C6-4225-495D-8C8A-D689BD637A62}.Release|Xbox 360.ActiveCfg = Release|Xbox 360
		{F4CC90C6-4225-495D-8C8A-D689BD637A62}.Release|Zune.ActiveCfg = Release|Xbox 360
		{F4BA7F83-DE6B-4E1A-8607-0A9F5E960AE1}.Debug|x86.ActiveCfg = Debug|x86
		{F4BA7F83-DE6B-4E1A-8607-0A9F5E960AE1}.Debug|Xbox 360.ActiveCfg = Debug|x86
		{F4BA7F83-DE6B-4E1A-8607-0A9F5E960AE1}.Debug|Zune.ActiveCfg = Debug|x86
		{F4BA7F83-DE6B-4E1A-8607-0A9F5E960AE1}.Release|x86.ActiveCfg = Release|x86
		{F4BA7F83-DE6B-4E1A-8607-0A9F5E960AE1}.Release|Xbox 360.ActiveCfg = Release|x86
		{F4BA7F83-DE6B-4E1A-8607-0A9F5E960AE1}.Release|Zune.ActiveCfg = Release|x86
		{E260AE3C-DA41-456D-8B3D-A8CD088BD0C1}.Debug|x86.ActiveCfg = Debug|x86
		{E260AE3C-DA41-456D-8B3D-A8CD088BD0C1}.Debug|x86.Build.0 = Debug|x86
		{E260AE3C-DA41-456D-8B3D-A8CD088BD0C1}.Debug|Xbox 360.ActiveCfg = Debug|x86
		{E260AE3C-DA41-456D-8B3D-A8CD088BD0C1}.Debug|Zune.ActiveCfg = Debug|x86
		{E260AE3C-DA41-456D-8B3D-A8CD088BD0C1}.Release|x86.ActiveCfg = Release|x86
		{E260AE3C-DA41-456D-8B3D-A8CD088BD0C1}.Release|x86.Build.0 = Release|x86
		{E260AE3C-DA41-456D-8B3D-A8CD088BD0C1}.Release|Xbox 360.ActiveCfg = Release|x86
		{E260AE3C-DA41-456D-8B3D-A8CD088BD0C1}.Release|Zune.ActiveCfg = Release|x86
		{CC47F8C0-EAF1-4E3A-B633-4633C2537B48}.Debug|x86.ActiveCfg = Debug|x86
		{CC47F8C0-EAF1-4E3A-B633-4633C2537B48}.Debug|Xbox 360.ActiveCfg = Debug|x86
		{CC47F8C0-EAF1-4E3A-B633-4633C2537B48}.Debug|Zune.ActiveCfg = Debug|x86
		{CC47F8C0-EAF1-4E3A-B633-4633C2537B48}.Release|x86.ActiveCfg = Release|x86
		{CC47F8C0-EAF1-4E3A-B633-4633C2537B48}.Release|Xbox 360.ActiveCfg = Release|x86
		{CC47F8C0-EAF1-4E3A-B633-4633C2537B48}.Release|Zune.ActiveCfg = Release|x86
	EndGlobalSection
	GlobalSection(SolutionProperties) = preSolution
		HideSolutionNode = FALSE
	EndGlobalSection
EndGlobal
