
Microsoft Visual Studio Solution File, Format Version 10.00
# Visual Studio 2008
Project("{FAE04EC0-301F-11D3-BF4B-00C04F79EFBC}") = "GameComponents", "GameComponents\GameComponents.csproj", "{E7AEEB7C-CE8A-4227-986B-FD3657076247}"
EndProject
Project("{FAE04EC0-301F-11D3-BF4B-00C04F79EFBC}") = "Tanks", "Tanks\Tanks.csproj", "{D4FA8226-1629-43A2-9280-4F26A53B0F88}"
EndProject
Project("{FAE04EC0-301F-11D3-BF4B-00C04F79EFBC}") = "Physics", "Physics2\Physics.csproj", "{F195B1D9-335D-493A-B74C-C7AA42E37A68}"
EndProject
Project("{FAE04EC0-301F-11D3-BF4B-00C04F79EFBC}") = "ContentPipelineExtension", "ContentPipelineExtension\ContentPipelineExtension.csproj", "{85CEBE8C-817E-47D1-A58C-33992EBACB3F}"
EndProject
Project("{FAE04EC0-301F-11D3-BF4B-00C04F79EFBC}") = "Common", "Common\Common.csproj", "{2645CF09-370C-4539-8214-308F1C5A388E}"
EndProject
Global
	GlobalSection(TeamFoundationVersionControl) = preSolution
		SccNumberOfProjects = 9
		SccEnterpriseProvider = {4CA58AB2-18FA-4F8D-95D4-32DDF27D184C}
		SccTeamFoundationServer = https://tfs02.codeplex.com/
		SccLocalPath0 = .
		SccProjectUniqueName1 = Tanks\\Tanks.csproj
		SccProjectName1 = Tanks
		SccLocalPath1 = Tanks
		SccProjectUniqueName2 = Tanks\\Content.contentproj
		SccProjectTopLevelParentUniqueName2 = Tanks\\Tanks.csproj
		SccProjectName2 = Tanks
		SccLocalPath2 = Tanks
		SccProjectUniqueName3 = GameComponents\\GameComponents.csproj
		SccProjectName3 = GameComponents
		SccLocalPath3 = GameComponents
		SccProjectUniqueName4 = GameComponents\\Content.contentproj
		SccProjectTopLevelParentUniqueName4 = GameComponents\\GameComponents.csproj
		SccProjectName4 = GameComponents
		SccLocalPath4 = GameComponents
		SccProjectUniqueName5 = Physics2\\Physics.csproj
		SccProjectName5 = Physics2
		SccLocalPath5 = Physics2
		SccProjectUniqueName6 = Physics2\\Content\\Content.contentproj
		SccProjectTopLevelParentUniqueName6 = Physics2\\Physics.csproj
		SccProjectName6 = Physics2/Content
		SccLocalPath6 = Physics2\\Content
		SccProjectUniqueName7 = ContentPipelineExtension\\ContentPipelineExtension.csproj
		SccProjectName7 = ContentPipelineExtension
		SccLocalPath7 = ContentPipelineExtension
		SccProjectUniqueName8 = Common\\Common.csproj
		SccProjectName8 = Common
		SccLocalPath8 = Common
	EndGlobalSection
	GlobalSection(SolutionConfigurationPlatforms) = preSolution
		Debug|x86 = Debug|x86
		Debug|Xbox 360 = Debug|Xbox 360
		Debug|Zune = Debug|Zune
		Release|x86 = Release|x86
		Release|Xbox 360 = Release|Xbox 360
		Release|Zune = Release|Zune
	EndGlobalSection
	GlobalSection(ProjectConfigurationPlatforms) = postSolution
		{E7AEEB7C-CE8A-4227-986B-FD3657076247}.Debug|x86.ActiveCfg = Debug|x86
		{E7AEEB7C-CE8A-4227-986B-FD3657076247}.Debug|x86.Build.0 = Debug|x86
		{E7AEEB7C-CE8A-4227-986B-FD3657076247}.Debug|Xbox 360.ActiveCfg = Debug|x86
		{E7AEEB7C-CE8A-4227-986B-FD3657076247}.Debug|Zune.ActiveCfg = Debug|x86
		{E7AEEB7C-CE8A-4227-986B-FD3657076247}.Release|x86.ActiveCfg = Release|x86
		{E7AEEB7C-CE8A-4227-986B-FD3657076247}.Release|x86.Build.0 = Release|x86
		{E7AEEB7C-CE8A-4227-986B-FD3657076247}.Release|Xbox 360.ActiveCfg = Release|x86
		{E7AEEB7C-CE8A-4227-986B-FD3657076247}.Release|Zune.ActiveCfg = Release|x86
		{D4FA8226-1629-43A2-9280-4F26A53B0F88}.Debug|x86.ActiveCfg = Debug|x86
		{D4FA8226-1629-43A2-9280-4F26A53B0F88}.Debug|x86.Build.0 = Debug|x86
		{D4FA8226-1629-43A2-9280-4F26A53B0F88}.Debug|Xbox 360.ActiveCfg = Debug|x86
		{D4FA8226-1629-43A2-9280-4F26A53B0F88}.Debug|Zune.ActiveCfg = Debug|x86
		{D4FA8226-1629-43A2-9280-4F26A53B0F88}.Release|x86.ActiveCfg = Release|x86
		{D4FA8226-1629-43A2-9280-4F26A53B0F88}.Release|x86.Build.0 = Release|x86
		{D4FA8226-1629-43A2-9280-4F26A53B0F88}.Release|Xbox 360.ActiveCfg = Release|x86
		{D4FA8226-1629-43A2-9280-4F26A53B0F88}.Release|Zune.ActiveCfg = Release|x86
		{F195B1D9-335D-493A-B74C-C7AA42E37A68}.Debug|x86.ActiveCfg = Debug|x86
		{F195B1D9-335D-493A-B74C-C7AA42E37A68}.Debug|x86.Build.0 = Debug|x86
		{F195B1D9-335D-493A-B74C-C7AA42E37A68}.Debug|Xbox 360.ActiveCfg = Debug|x86
		{F195B1D9-335D-493A-B74C-C7AA42E37A68}.Debug|Zune.ActiveCfg = Debug|x86
		{F195B1D9-335D-493A-B74C-C7AA42E37A68}.Release|x86.ActiveCfg = Release|x86
		{F195B1D9-335D-493A-B74C-C7AA42E37A68}.Release|x86.Build.0 = Release|x86
		{F195B1D9-335D-493A-B74C-C7AA42E37A68}.Release|Xbox 360.ActiveCfg = Release|x86
		{F195B1D9-335D-493A-B74C-C7AA42E37A68}.Release|Zune.ActiveCfg = Release|x86
		{85CEBE8C-817E-47D1-A58C-33992EBACB3F}.Debug|x86.ActiveCfg = Debug|x86
		{85CEBE8C-817E-47D1-A58C-33992EBACB3F}.Debug|x86.Build.0 = Debug|x86
		{85CEBE8C-817E-47D1-A58C-33992EBACB3F}.Debug|Xbox 360.ActiveCfg = Debug|Xbox 360
		{85CEBE8C-817E-47D1-A58C-33992EBACB3F}.Debug|Xbox 360.Build.0 = Debug|Xbox 360
		{85CEBE8C-817E-47D1-A58C-33992EBACB3F}.Debug|Zune.ActiveCfg = Debug|Zune
		{85CEBE8C-817E-47D1-A58C-33992EBACB3F}.Debug|Zune.Build.0 = Debug|Zune
		{85CEBE8C-817E-47D1-A58C-33992EBACB3F}.Release|x86.ActiveCfg = Release|x86
		{85CEBE8C-817E-47D1-A58C-33992EBACB3F}.Release|x86.Build.0 = Release|x86
		{85CEBE8C-817E-47D1-A58C-33992EBACB3F}.Release|Xbox 360.ActiveCfg = Release|Xbox 360
		{85CEBE8C-817E-47D1-A58C-33992EBACB3F}.Release|Xbox 360.Build.0 = Release|Xbox 360
		{85CEBE8C-817E-47D1-A58C-33992EBACB3F}.Release|Zune.ActiveCfg = Release|Zune
		{85CEBE8C-817E-47D1-A58C-33992EBACB3F}.Release|Zune.Build.0 = Release|Zune
		{F4CC90C6-4225-495D-8C8A-D689BD637A62}.Debug|x86.ActiveCfg = Debug|x86
		{F4CC90C6-4225-495D-8C8A-D689BD637A62}.Debug|Xbox 360.ActiveCfg = Debug|Xbox 360
		{F4CC90C6-4225-495D-8C8A-D689BD637A62}.Debug|Zune.ActiveCfg = Debug|Xbox 360
		{F4CC90C6-4225-495D-8C8A-D689BD637A62}.Release|x86.ActiveCfg = Release|x86
		{F4CC90C6-4225-495D-8C8A-D689BD637A62}.Release|Xbox 360.ActiveCfg = Release|Xbox 360
		{F4CC90C6-4225-495D-8C8A-D689BD637A62}.Release|Zune.ActiveCfg = Release|Xbox 360
		{2645CF09-370C-4539-8214-308F1C5A388E}.Debug|x86.ActiveCfg = Debug|x86
		{2645CF09-370C-4539-8214-308F1C5A388E}.Debug|x86.Build.0 = Debug|x86
		{2645CF09-370C-4539-8214-308F1C5A388E}.Debug|Xbox 360.ActiveCfg = Debug|x86
		{2645CF09-370C-4539-8214-308F1C5A388E}.Debug|Zune.ActiveCfg = Debug|x86
		{2645CF09-370C-4539-8214-308F1C5A388E}.Release|x86.ActiveCfg = Release|x86
		{2645CF09-370C-4539-8214-308F1C5A388E}.Release|x86.Build.0 = Release|x86
		{2645CF09-370C-4539-8214-308F1C5A388E}.Release|Xbox 360.ActiveCfg = Release|x86
		{2645CF09-370C-4539-8214-308F1C5A388E}.Release|Zune.ActiveCfg = Release|x86
	EndGlobalSection
	GlobalSection(SolutionProperties) = preSolution
		HideSolutionNode = FALSE
	EndGlobalSection
EndGlobal
